
Microsoft Visual Studio Solution File, Format Version 12.00
# Visual Studio Version 16
VisualStudioVersion = 16.0.31911.196
MinimumVisualStudioVersion = 10.0.40219.1
Project("{9A19103F-16F7-4668-BE54-9A1E7A4F7556}") = "DesktopWeatherReport", "DesktopWeatherReport\DesktopWeatherReport.csproj", "{E8E8AFC8-2A3F-4DCF-9EBC-CE02B424A99E}"
EndProject
Global
	GlobalSection(SolutionConfigurationPlatforms) = preSolution
		Debug|Any CPU = Debug|Any CPU
		Release|Any CPU = Release|Any CPU
	EndGlobalSection
	GlobalSection(ProjectConfigurationPlatforms) = postSolution
		{E8E8AFC8-2A3F-4DCF-9EBC-CE02B424A99E}.Debug|Any CPU.ActiveCfg = Debug|Any CPU
		{E8E8AFC8-2A3F-4DCF-9EBC-CE02B424A99E}.Debug|Any CPU.Build.0 = Debug|Any CPU
		{E8E8AFC8-2A3F-4DCF-9EBC-CE02B424A99E}.Release|Any CPU.ActiveCfg = Release|Any CPU
		{E8E8AFC8-2A3F-4DCF-9EBC-CE02B424A99E}.Release|Any CPU.Build.0 = Release|Any CPU
	EndGlobalSection
	GlobalSection(SolutionProperties) = preSolution
		HideSolutionNode = FALSE
	EndGlobalSection
	GlobalSection(ExtensibilityGlobals) = postSolution
		SolutionGuid = {0C98F012-7341-46AE-A42F-791AD963C6B8}
	EndGlobalSection
EndGlobal
